
Microsoft Visual Studio Solution File, Format Version 12.00
# Visual Studio Version 16
VisualStudioVersion = 16.0.31205.134
MinimumVisualStudioVersion = 10.0.40219.1
Project("{9A19103F-16F7-4668-BE54-9A1E7A4F7556}") = "DealerVision.Components.Web", "DealerVision.Components.Web.csproj", "{49148DE8-BE8F-467F-A075-109FEC0E1A87}"
EndProject
Global
	GlobalSection(SolutionConfigurationPlatforms) = preSolution
		Debug|Any CPU = Debug|Any CPU
		Release|Any CPU = Release|Any CPU
	EndGlobalSection
	GlobalSection(ProjectConfigurationPlatforms) = postSolution
		{49148DE8-BE8F-467F-A075-109FEC0E1A87}.Debug|Any CPU.ActiveCfg = Debug|Any CPU
		{49148DE8-BE8F-467F-A075-109FEC0E1A87}.Debug|Any CPU.Build.0 = Debug|Any CPU
		{49148DE8-BE8F-467F-A075-109FEC0E1A87}.Release|Any CPU.ActiveCfg = Release|Any CPU
		{49148DE8-BE8F-467F-A075-109FEC0E1A87}.Release|Any CPU.Build.0 = Release|Any CPU
	EndGlobalSection
	GlobalSection(SolutionProperties) = preSolution
		HideSolutionNode = FALSE
	EndGlobalSection
	GlobalSection(ExtensibilityGlobals) = postSolution
		SolutionGuid = {3A7241DC-F500-417B-B07B-6EF5AF1FAECF}
	EndGlobalSection
EndGlobal
